[CAPI QUESTIONS]
Version=CSPro 7.3

[LANGUAGES]
EN=English

[QUESTION]
Field=VALUES_BLOCK
EN={\rtf1\ansi\ansicpg1252\deff0\nouicompat\deflang1033{\fonttbl{\f0\fnil\fcharset0 Arial;}}
EN={\colortbl ;\red0\green0\blue0;}
EN={\*\generator Riched20 10.0.18362}\viewkind4\uc1
EN=\pard\cf1\fs24 %GetCaseInfo()%\par
EN=Staff Name: %STAFF_NAME%\par
EN=\par
EN=Enter some values, which will be passed back to CSEntryAndroidLauncher.\par
EN=}

